
Microsoft Visual Studio Solution File, Format Version 12.00
Project("{FAE04EC0-301F-11D3-BF4B-00C04F79EFBC}") = "RandomWithRate", "RandomWithRate\RandomWithRate.csproj", "{A254B0AE-C36E-44D1-96C9-A580E81AF215}"
EndProject
Global
	GlobalSection(SolutionConfigurationPlatforms) = preSolution
		Debug|Any CPU = Debug|Any CPU
		Release|Any CPU = Release|Any CPU
	EndGlobalSection
	GlobalSection(ProjectConfigurationPlatforms) = postSolution
		{A254B0AE-C36E-44D1-96C9-A580E81AF215}.Debug|Any CPU.ActiveCfg = Debug|Any CPU
		{A254B0AE-C36E-44D1-96C9-A580E81AF215}.Debug|Any CPU.Build.0 = Debug|Any CPU
		{A254B0AE-C36E-44D1-96C9-A580E81AF215}.Release|Any CPU.ActiveCfg = Release|Any CPU
		{A254B0AE-C36E-44D1-96C9-A580E81AF215}.Release|Any CPU.Build.0 = Release|Any CPU
	EndGlobalSection
EndGlobal
